
Microsoft Visual Studio Solution File, Format Version 12.00
# Visual Studio 15
VisualStudioVersion = 15.0.26730.16
MinimumVisualStudioVersion = 10.0.40219.1
Project("{FAE04EC0-301F-11D3-BF4B-00C04F79EFBC}") = "CodingDojo4_Server", "CodingDojo4_Markova\CodingDojo4_Server.csproj", "{1EBB5326-87AF-466C-9388-03EE830C4F96}"
EndProject
Project("{FAE04EC0-301F-11D3-BF4B-00C04F79EFBC}") = "CodingDojo_Client", "CodingDojo_Client\CodingDojo_Client.csproj", "{9B5B26B6-F7D5-4170-8A22-F8472DDA6DCF}"
EndProject
Project("{FAE04EC0-301F-11D3-BF4B-00C04F79EFBC}") = "CodingDojo4_DataHandler", "DataHandler\CodingDojo4_DataHandler.csproj", "{7F877476-A10F-4050-BA99-C4A1DF1B7242}"
EndProject
Global
	GlobalSection(SolutionConfigurationPlatforms) = preSolution
		Debug|Any CPU = Debug|Any CPU
		Release|Any CPU = Release|Any CPU
	EndGlobalSection
	GlobalSection(ProjectConfigurationPlatforms) = postSolution
		{1EBB5326-87AF-466C-9388-03EE830C4F96}.Debug|Any CPU.ActiveCfg = Debug|Any CPU
		{1EBB5326-87AF-466C-9388-03EE830C4F96}.Debug|Any CPU.Build.0 = Debug|Any CPU
		{1EBB5326-87AF-466C-9388-03EE830C4F96}.Release|Any CPU.ActiveCfg = Release|Any CPU
		{1EBB5326-87AF-466C-9388-03EE830C4F96}.Release|Any CPU.Build.0 = Release|Any CPU
		{9B5B26B6-F7D5-4170-8A22-F8472DDA6DCF}.Debug|Any CPU.ActiveCfg = Debug|Any CPU
		{9B5B26B6-F7D5-4170-8A22-F8472DDA6DCF}.Debug|Any CPU.Build.0 = Debug|Any CPU
		{9B5B26B6-F7D5-4170-8A22-F8472DDA6DCF}.Release|Any CPU.ActiveCfg = Release|Any CPU
		{9B5B26B6-F7D5-4170-8A22-F8472DDA6DCF}.Release|Any CPU.Build.0 = Release|Any CPU
		{7F877476-A10F-4050-BA99-C4A1DF1B7242}.Debug|Any CPU.ActiveCfg = Debug|Any CPU
		{7F877476-A10F-4050-BA99-C4A1DF1B7242}.Debug|Any CPU.Build.0 = Debug|Any CPU
		{7F877476-A10F-4050-BA99-C4A1DF1B7242}.Release|Any CPU.ActiveCfg = Release|Any CPU
		{7F877476-A10F-4050-BA99-C4A1DF1B7242}.Release|Any CPU.Build.0 = Release|Any CPU
	EndGlobalSection
	GlobalSection(SolutionProperties) = preSolution
		HideSolutionNode = FALSE
	EndGlobalSection
	GlobalSection(ExtensibilityGlobals) = postSolution
		SolutionGuid = {227DE708-9D4F-4F96-BA18-3E303524A599}
	EndGlobalSection
EndGlobal
